
Microsoft Visual Studio Solution File, Format Version 12.00
# Visual Studio Version 17
VisualStudioVersion = 17.14.36401.2 d17.14
MinimumVisualStudioVersion = 10.0.40219.1
Project("{FAE04EC0-301F-11D3-BF4B-00C04F79EFBC}") = "SCMM_Projeto", "SCMM_Projeto.csproj", "{E4501E42-E8DD-4753-8185-F8044E7AD633}"
EndProject
Global
	GlobalSection(SolutionConfigurationPlatforms) = preSolution
		Debug|Any CPU = Debug|Any CPU
		Release|Any CPU = Release|Any CPU
	EndGlobalSection
	GlobalSection(ProjectConfigurationPlatforms) = postSolution
		{E4501E42-E8DD-4753-8185-F8044E7AD633}.Debug|Any CPU.ActiveCfg = Debug|Any CPU
		{E4501E42-E8DD-4753-8185-F8044E7AD633}.Debug|Any CPU.Build.0 = Debug|Any CPU
		{E4501E42-E8DD-4753-8185-F8044E7AD633}.Release|Any CPU.ActiveCfg = Release|Any CPU
		{E4501E42-E8DD-4753-8185-F8044E7AD633}.Release|Any CPU.Build.0 = Release|Any CPU
	EndGlobalSection
	GlobalSection(SolutionProperties) = preSolution
		HideSolutionNode = FALSE
	EndGlobalSection
	GlobalSection(ExtensibilityGlobals) = postSolution
		SolutionGuid = {1B0F6305-ABBD-4355-A5BB-A80CFC410A2C}
	EndGlobalSection
EndGlobal
